
Microsoft Visual Studio Solution File, Format Version 12.00
Project("{FAE04EC0-301F-11D3-BF4B-00C04F79EFBC}") = "MicroLMS.API", "MicroLMS.API\MicroLMS.API.csproj", "{E54A1C70-701A-4872-BBC7-7CA88119BA9A}"
EndProject
Project("{FAE04EC0-301F-11D3-BF4B-00C04F79EFBC}") = "MicroLMS.Domain", "MicroLMS.Domain\MicroLMS.Domain.csproj", "{0F5C7351-134A-42E6-8340-2FE012027B21}"
EndProject
Project("{FAE04EC0-301F-11D3-BF4B-00C04F79EFBC}") = "MicroLMS.Infrastructure", "MicroLMS.Infrastructure\MicroLMS.Infrastructure.csproj", "{D3386049-A301-4E3C-891F-E25B56886D01}"
EndProject
Project("{FAE04EC0-301F-11D3-BF4B-00C04F79EFBC}") = "MicroLMS.Tests", "MicroLMS.Tests\MicroLMS.Tests.csproj", "{2811BDD9-2941-4841-84EE-8EE82C0401C1}"
EndProject
Project("{FAE04EC0-301F-11D3-BF4B-00C04F79EFBC}") = "MicroLMS.Frontend", "MicroLMS.Frontend\MicroLMS.Frontend.csproj", "{AAC6CC60-5025-4CB4-BA9E-CD677D1D0AA2}"
EndProject
Global
	GlobalSection(SolutionConfigurationPlatforms) = preSolution
		Debug|Any CPU = Debug|Any CPU
		Release|Any CPU = Release|Any CPU
	EndGlobalSection
	GlobalSection(ProjectConfigurationPlatforms) = postSolution
		{E54A1C70-701A-4872-BBC7-7CA88119BA9A}.Debug|Any CPU.ActiveCfg = Debug|Any CPU
		{E54A1C70-701A-4872-BBC7-7CA88119BA9A}.Debug|Any CPU.Build.0 = Debug|Any CPU
		{E54A1C70-701A-4872-BBC7-7CA88119BA9A}.Release|Any CPU.ActiveCfg = Release|Any CPU
		{E54A1C70-701A-4872-BBC7-7CA88119BA9A}.Release|Any CPU.Build.0 = Release|Any CPU
		{0F5C7351-134A-42E6-8340-2FE012027B21}.Debug|Any CPU.ActiveCfg = Debug|Any CPU
		{0F5C7351-134A-42E6-8340-2FE012027B21}.Debug|Any CPU.Build.0 = Debug|Any CPU
		{0F5C7351-134A-42E6-8340-2FE012027B21}.Release|Any CPU.ActiveCfg = Release|Any CPU
		{0F5C7351-134A-42E6-8340-2FE012027B21}.Release|Any CPU.Build.0 = Release|Any CPU
		{D3386049-A301-4E3C-891F-E25B56886D01}.Debug|Any CPU.ActiveCfg = Debug|Any CPU
		{D3386049-A301-4E3C-891F-E25B56886D01}.Debug|Any CPU.Build.0 = Debug|Any CPU
		{D3386049-A301-4E3C-891F-E25B56886D01}.Release|Any CPU.ActiveCfg = Release|Any CPU
		{D3386049-A301-4E3C-891F-E25B56886D01}.Release|Any CPU.Build.0 = Release|Any CPU
		{2811BDD9-2941-4841-84EE-8EE82C0401C1}.Debug|Any CPU.ActiveCfg = Debug|Any CPU
		{2811BDD9-2941-4841-84EE-8EE82C0401C1}.Debug|Any CPU.Build.0 = Debug|Any CPU
		{2811BDD9-2941-4841-84EE-8EE82C0401C1}.Release|Any CPU.ActiveCfg = Release|Any CPU
		{2811BDD9-2941-4841-84EE-8EE82C0401C1}.Release|Any CPU.Build.0 = Release|Any CPU
		{AAC6CC60-5025-4CB4-BA9E-CD677D1D0AA2}.Debug|Any CPU.ActiveCfg = Debug|Any CPU
		{AAC6CC60-5025-4CB4-BA9E-CD677D1D0AA2}.Debug|Any CPU.Build.0 = Debug|Any CPU
		{AAC6CC60-5025-4CB4-BA9E-CD677D1D0AA2}.Release|Any CPU.ActiveCfg = Release|Any CPU
		{AAC6CC60-5025-4CB4-BA9E-CD677D1D0AA2}.Release|Any CPU.Build.0 = Release|Any CPU
	EndGlobalSection
EndGlobal
